{
  "name": "insomnia-plugin-kafka-producer",
  "version": "1.0.0",
  "lockfileVersion": 2,
  "requires": true,
  "packages": {
    "": {
      "name": "insomnia-plugin-kafka-producer",
      "version": "1.0.0",
      "license": "ISC",
      "dependencies": {
        "generate-object-from-avsc": "^0.0.5",
        "insomnia-plugin-utils": "^1.0.3",
        "kafkajs": "^2.2.4"
      },
      "devDependencies": {}
    },
    "node_modules/commander": {
      "version": "9.5.0",
      "resolved": "https://registry.npmjs.org/commander/-/commander-9.5.0.tgz",
      "integrity": "sha512-KRs7WVDKg86PWiuAqhDrAQnTXZKraVcCc6vFdL14qrZ/DcWwuRo7VoiYXalXO7S5GKpqYiVEwCbgFDfxNHKJBQ==",
      "engines": {
        "node": "^12.20.0 || >=14"
      }
    },
    "node_modules/fs": {
      "version": "0.0.1-security",
      "resolved": "https://registry.npmjs.org/fs/-/fs-0.0.1-security.tgz",
      "integrity": "sha512-3XY9e1pP0CVEUCdj5BmfIZxRBTSDycnbqhIOGec9QYtmVH2fbLpj86CFWkrNOkt/Fvty4KZG5lTglL9j/gJ87w=="
    },
    "node_modules/generate-object-from-avsc": {
      "version": "0.0.5",
      "resolved": "https://registry.npmjs.org/generate-object-from-avsc/-/generate-object-from-avsc-0.0.5.tgz",
      "integrity": "sha512-LElP9neYzg7UmAoQUUzRor9lrmXMRg6U1TngCuCjLKoRc8r4R/jasfWu+fra/X6+oVOqFpfjRT029Dyws86VuQ==",
      "dependencies": {
        "commander": "^9.4.1",
        "fs": "^0.0.1-security"
      },
      "bin": {
        "generate-object-from-avsc": "bin/generate-avsc-json"
      }
    },
    "node_modules/insomnia-plugin-utils": {
      "version": "1.0.3",
      "resolved": "https://registry.npmjs.org/insomnia-plugin-utils/-/insomnia-plugin-utils-1.0.3.tgz",
      "integrity": "sha512-shLL6EFWsBraxxpbD0oacKknMt9/xu2ANwiEgy9JgYiVi0nCD3zpCqsqyjKDr11zP6AuUREh/btoM/YkNQmdnQ==",
      "dependencies": {
        "fs": "^0.0.1-security",
        "moment": "^2.29.4",
        "uuid": "^8.3.2"
      }
    },
    "node_modules/kafkajs": {
      "version": "2.2.4",
      "resolved": "https://registry.npmjs.org/kafkajs/-/kafkajs-2.2.4.tgz",
      "integrity": "sha512-j/YeapB1vfPT2iOIUn/vxdyKEuhuY2PxMBvf5JWux6iSaukAccrMtXEY/Lb7OvavDhOWME589bpLrEdnVHjfjA==",
      "engines": {
        "node": ">=14.0.0"
      }
    },
    "node_modules/moment": {
      "version": "2.29.4",
      "resolved": "https://registry.npmjs.org/moment/-/moment-2.29.4.tgz",
      "integrity": "sha512-5LC9SOxjSc2HF6vO2CyuTDNivEdoz2IvyJJGj6X8DJ0eFyfszE0QiEd+iXmBvUP3WHxSjFH/vIsA0EN00cgr8w==",
      "engines": {
        "node": "*"
      }
    },
    "node_modules/uuid": {
      "version": "8.3.2",
      "resolved": "https://registry.npmjs.org/uuid/-/uuid-8.3.2.tgz",
      "integrity": "sha512-+NYs2QeMWy+GWFOEm9xnn6HCDp0l7QBD7ml8zLUmJ+93Q5NF0NocErnwkTkXVFNiX3/fpC6afS8Dhb/gz7R7eg==",
      "bin": {
        "uuid": "dist/bin/uuid"
      }
    }
  },
  "dependencies": {
    "commander": {
      "version": "9.5.0",
      "resolved": "https://registry.npmjs.org/commander/-/commander-9.5.0.tgz",
      "integrity": "sha512-KRs7WVDKg86PWiuAqhDrAQnTXZKraVcCc6vFdL14qrZ/DcWwuRo7VoiYXalXO7S5GKpqYiVEwCbgFDfxNHKJBQ=="
    },
    "fs": {
      "version": "0.0.1-security",
      "resolved": "https://registry.npmjs.org/fs/-/fs-0.0.1-security.tgz",
      "integrity": "sha512-3XY9e1pP0CVEUCdj5BmfIZxRBTSDycnbqhIOGec9QYtmVH2fbLpj86CFWkrNOkt/Fvty4KZG5lTglL9j/gJ87w=="
    },
    "generate-object-from-avsc": {
      "version": "0.0.5",
      "resolved": "https://registry.npmjs.org/generate-object-from-avsc/-/generate-object-from-avsc-0.0.5.tgz",
      "integrity": "sha512-LElP9neYzg7UmAoQUUzRor9lrmXMRg6U1TngCuCjLKoRc8r4R/jasfWu+fra/X6+oVOqFpfjRT029Dyws86VuQ==",
      "requires": {
        "commander": "^9.4.1",
        "fs": "^0.0.1-security"
      }
    },
    "insomnia-plugin-utils": {
      "version": "1.0.3",
      "resolved": "https://registry.npmjs.org/insomnia-plugin-utils/-/insomnia-plugin-utils-1.0.3.tgz",
      "integrity": "sha512-shLL6EFWsBraxxpbD0oacKknMt9/xu2ANwiEgy9JgYiVi0nCD3zpCqsqyjKDr11zP6AuUREh/btoM/YkNQmdnQ==",
      "requires": {
        "fs": "^0.0.1-security",
        "moment": "^2.29.4",
        "uuid": "^8.3.2"
      }
    },
    "kafkajs": {
      "version": "2.2.4",
      "resolved": "https://registry.npmjs.org/kafkajs/-/kafkajs-2.2.4.tgz",
      "integrity": "sha512-j/YeapB1vfPT2iOIUn/vxdyKEuhuY2PxMBvf5JWux6iSaukAccrMtXEY/Lb7OvavDhOWME589bpLrEdnVHjfjA=="
    },
    "moment": {
      "version": "2.29.4",
      "resolved": "https://registry.npmjs.org/moment/-/moment-2.29.4.tgz",
      "integrity": "sha512-5LC9SOxjSc2HF6vO2CyuTDNivEdoz2IvyJJGj6X8DJ0eFyfszE0QiEd+iXmBvUP3WHxSjFH/vIsA0EN00cgr8w=="
    },
    "uuid": {
      "version": "8.3.2",
      "resolved": "https://registry.npmjs.org/uuid/-/uuid-8.3.2.tgz",
      "integrity": "sha512-+NYs2QeMWy+GWFOEm9xnn6HCDp0l7QBD7ml8zLUmJ+93Q5NF0NocErnwkTkXVFNiX3/fpC6afS8Dhb/gz7R7eg=="
    }
  }
}
